
Microsoft Visual Studio Solution File, Format Version 12.00
# Visual Studio 14
VisualStudioVersion = 14.0.22823.1
MinimumVisualStudioVersion = 10.0.40219.1
Project("{FAE04EC0-301F-11D3-BF4B-00C04F79EFBC}") = "UniversalGalleryDemo", "UniversalGalleryDemo\UniversalGalleryDemo.csproj", "{52902112-85CA-4940-8DF6-76E1C8CDD655}"
EndProject
Project("{FAE04EC0-301F-11D3-BF4B-00C04F79EFBC}") = "UniversalGalleryDemo.Core", "UniversalGalleryDemo.Core\UniversalGalleryDemo.Core.csproj", "{05E45A9C-E7F4-4DD4-9A43-25D4B551F777}"
EndProject
Project("{FAE04EC0-301F-11D3-BF4B-00C04F79EFBC}") = "UniversalGalleryDemo.Tests", "UniversalGalleryDemo.Tests\UniversalGalleryDemo.Tests.csproj", "{517359F1-EF2A-4CC1-98F1-C0A701C6A335}"
EndProject
Global
	GlobalSection(SolutionConfigurationPlatforms) = preSolution
		Debug|Any CPU = Debug|Any CPU
		Debug|ARM = Debug|ARM
		Debug|x64 = Debug|x64
		Debug|x86 = Debug|x86
		Release|Any CPU = Release|Any CPU
		Release|ARM = Release|ARM
		Release|x64 = Release|x64
		Release|x86 = Release|x86
	EndGlobalSection
	GlobalSection(ProjectConfigurationPlatforms) = postSolution
		{52902112-85CA-4940-8DF6-76E1C8CDD655}.Debug|Any CPU.ActiveCfg = Debug|x86
		{52902112-85CA-4940-8DF6-76E1C8CDD655}.Debug|ARM.ActiveCfg = Debug|ARM
		{52902112-85CA-4940-8DF6-76E1C8CDD655}.Debug|ARM.Build.0 = Debug|ARM
		{52902112-85CA-4940-8DF6-76E1C8CDD655}.Debug|ARM.Deploy.0 = Debug|ARM
		{52902112-85CA-4940-8DF6-76E1C8CDD655}.Debug|x64.ActiveCfg = Debug|x64
		{52902112-85CA-4940-8DF6-76E1C8CDD655}.Debug|x64.Build.0 = Debug|x64
		{52902112-85CA-4940-8DF6-76E1C8CDD655}.Debug|x64.Deploy.0 = Debug|x64
		{52902112-85CA-4940-8DF6-76E1C8CDD655}.Debug|x86.ActiveCfg = Debug|x86
		{52902112-85CA-4940-8DF6-76E1C8CDD655}.Debug|x86.Build.0 = Debug|x86
		{52902112-85CA-4940-8DF6-76E1C8CDD655}.Debug|x86.Deploy.0 = Debug|x86
		{52902112-85CA-4940-8DF6-76E1C8CDD655}.Release|Any CPU.ActiveCfg = Release|x86
		{52902112-85CA-4940-8DF6-76E1C8CDD655}.Release|ARM.ActiveCfg = Release|ARM
		{52902112-85CA-4940-8DF6-76E1C8CDD655}.Release|ARM.Build.0 = Release|ARM
		{52902112-85CA-4940-8DF6-76E1C8CDD655}.Release|ARM.Deploy.0 = Release|ARM
		{52902112-85CA-4940-8DF6-76E1C8CDD655}.Release|x64.ActiveCfg = Release|x64
		{52902112-85CA-4940-8DF6-76E1C8CDD655}.Release|x64.Build.0 = Release|x64
		{52902112-85CA-4940-8DF6-76E1C8CDD655}.Release|x64.Deploy.0 = Release|x64
		{52902112-85CA-4940-8DF6-76E1C8CDD655}.Release|x86.ActiveCfg = Release|x86
		{52902112-85CA-4940-8DF6-76E1C8CDD655}.Release|x86.Build.0 = Release|x86
		{52902112-85CA-4940-8DF6-76E1C8CDD655}.Release|x86.Deploy.0 = Release|x86
		{05E45A9C-E7F4-4DD4-9A43-25D4B551F777}.Debug|Any CPU.ActiveCfg = Debug|Any CPU
		{05E45A9C-E7F4-4DD4-9A43-25D4B551F777}.Debug|Any CPU.Build.0 = Debug|Any CPU
		{05E45A9C-E7F4-4DD4-9A43-25D4B551F777}.Debug|ARM.ActiveCfg = Debug|ARM
		{05E45A9C-E7F4-4DD4-9A43-25D4B551F777}.Debug|ARM.Build.0 = Debug|ARM
		{05E45A9C-E7F4-4DD4-9A43-25D4B551F777}.Debug|x64.ActiveCfg = Debug|x64
		{05E45A9C-E7F4-4DD4-9A43-25D4B551F777}.Debug|x64.Build.0 = Debug|x64
		{05E45A9C-E7F4-4DD4-9A43-25D4B551F777}.Debug|x86.ActiveCfg = Debug|x86
		{05E45A9C-E7F4-4DD4-9A43-25D4B551F777}.Debug|x86.Build.0 = Debug|x86
		{05E45A9C-E7F4-4DD4-9A43-25D4B551F777}.Release|Any CPU.ActiveCfg = Release|Any CPU
		{05E45A9C-E7F4-4DD4-9A43-25D4B551F777}.Release|Any CPU.Build.0 = Release|Any CPU
		{05E45A9C-E7F4-4DD4-9A43-25D4B551F777}.Release|ARM.ActiveCfg = Release|ARM
		{05E45A9C-E7F4-4DD4-9A43-25D4B551F777}.Release|ARM.Build.0 = Release|ARM
		{05E45A9C-E7F4-4DD4-9A43-25D4B551F777}.Release|x64.ActiveCfg = Release|x64
		{05E45A9C-E7F4-4DD4-9A43-25D4B551F777}.Release|x64.Build.0 = Release|x64
		{05E45A9C-E7F4-4DD4-9A43-25D4B551F777}.Release|x86.ActiveCfg = Release|x86
		{05E45A9C-E7F4-4DD4-9A43-25D4B551F777}.Release|x86.Build.0 = Release|x86
		{517359F1-EF2A-4CC1-98F1-C0A701C6A335}.Debug|Any CPU.ActiveCfg = Debug|Any CPU
		{517359F1-EF2A-4CC1-98F1-C0A701C6A335}.Debug|Any CPU.Build.0 = Debug|Any CPU
		{517359F1-EF2A-4CC1-98F1-C0A701C6A335}.Debug|Any CPU.Deploy.0 = Debug|Any CPU
		{517359F1-EF2A-4CC1-98F1-C0A701C6A335}.Debug|ARM.ActiveCfg = Debug|ARM
		{517359F1-EF2A-4CC1-98F1-C0A701C6A335}.Debug|ARM.Build.0 = Debug|ARM
		{517359F1-EF2A-4CC1-98F1-C0A701C6A335}.Debug|ARM.Deploy.0 = Debug|ARM
		{517359F1-EF2A-4CC1-98F1-C0A701C6A335}.Debug|x64.ActiveCfg = Debug|x64
		{517359F1-EF2A-4CC1-98F1-C0A701C6A335}.Debug|x64.Build.0 = Debug|x64
		{517359F1-EF2A-4CC1-98F1-C0A701C6A335}.Debug|x64.Deploy.0 = Debug|x64
		{517359F1-EF2A-4CC1-98F1-C0A701C6A335}.Debug|x86.ActiveCfg = Debug|x86
		{517359F1-EF2A-4CC1-98F1-C0A701C6A335}.Debug|x86.Build.0 = Debug|x86
		{517359F1-EF2A-4CC1-98F1-C0A701C6A335}.Debug|x86.Deploy.0 = Debug|x86
		{517359F1-EF2A-4CC1-98F1-C0A701C6A335}.Release|Any CPU.ActiveCfg = Release|Any CPU
		{517359F1-EF2A-4CC1-98F1-C0A701C6A335}.Release|Any CPU.Build.0 = Release|Any CPU
		{517359F1-EF2A-4CC1-98F1-C0A701C6A335}.Release|Any CPU.Deploy.0 = Release|Any CPU
		{517359F1-EF2A-4CC1-98F1-C0A701C6A335}.Release|ARM.ActiveCfg = Release|ARM
		{517359F1-EF2A-4CC1-98F1-C0A701C6A335}.Release|ARM.Build.0 = Release|ARM
		{517359F1-EF2A-4CC1-98F1-C0A701C6A335}.Release|ARM.Deploy.0 = Release|ARM
		{517359F1-EF2A-4CC1-98F1-C0A701C6A335}.Release|x64.ActiveCfg = Release|x64
		{517359F1-EF2A-4CC1-98F1-C0A701C6A335}.Release|x64.Build.0 = Release|x64
		{517359F1-EF2A-4CC1-98F1-C0A701C6A335}.Release|x64.Deploy.0 = Release|x64
		{517359F1-EF2A-4CC1-98F1-C0A701C6A335}.Release|x86.ActiveCfg = Release|x86
		{517359F1-EF2A-4CC1-98F1-C0A701C6A335}.Release|x86.Build.0 = Release|x86
		{517359F1-EF2A-4CC1-98F1-C0A701C6A335}.Release|x86.Deploy.0 = Release|x86
	EndGlobalSection
	GlobalSection(SolutionProperties) = preSolution
		HideSolutionNode = FALSE
	EndGlobalSection
EndGlobal
